// !$*UTF8*$!
{
	archiveVersion = 1;
	classes = {
	};
	objectVersion = 50;
	objects = {

/* Begin PBXBuildFile section */
		245FF56A264E72CD0098E447 /* MusicByLocationApp.swift in Sources */ = {isa = PBXBuildFile; fileRef = 245FF569264E72CD0098E447 /* MusicByLocationApp.swift */; };
		245FF56C264E72CD0098E447 /* ContentView.swift in Sources */ = {isa = PBXBuildFile; fileRef = 245FF56B264E72CD0098E447 /* ContentView.swift */; };
		245FF56E264E72CE0098E447 /* Assets.xcassets in Resources */ = {isa = PBXBuildFile; fileRef = 245FF56D264E72CE0098E447 /* Assets.xcassets */; };
		245FF571264E72CE0098E447 /* Preview Assets.xcassets in Resources */ = {isa = PBXBuildFile; fileRef = 245FF570264E72CE0098E447 /* Preview Assets.xcassets */; };
		245FF57C264E72CE0098E447 /* MusicByLocationTests.swift in Sources */ = {isa = PBXBuildFile; fileRef = 245FF57B264E72CE0098E447 /* MusicByLocationTests.swift */; };
		245FF587264E72CE0098E447 /* MusicByLocationUITests.swift in Sources */ = {isa = PBXBuildFile; fileRef = 245FF586264E72CE0098E447 /* MusicByLocationUITests.swift */; };
		245FF598264E74370098E447 /* LocationHandler.swift in Sources */ = {isa = PBXBuildFile; fileRef = 245FF597264E74370098E447 /* LocationHandler.swift */; };
		2499A31C26530A0F00102AF0 /* CLPlacemark.swift in Sources */ = {isa = PBXBuildFile; fileRef = 2499A31B26530A0F00102AF0 /* CLPlacemark.swift */; };
		2499A32A26530CA200102AF0 /* StateController.swift in Sources */ = {isa = PBXBuildFile; fileRef = 2499A32926530CA200102AF0 /* StateController.swift */; };
		2499A330265311EB00102AF0 /* ArtistResponse.swift in Sources */ = {isa = PBXBuildFile; fileRef = 2499A32F265311EB00102AF0 /* ArtistResponse.swift */; };
		2499A3352653120900102AF0 /* Artist.swift in Sources */ = {isa = PBXBuildFile; fileRef = 2499A3342653120900102AF0 /* Artist.swift */; };
/* End PBXBuildFile section */

/* Begin PBXContainerItemProxy section */
		245FF578264E72CE0098E447 /* PBXContainerItemProxy */ = {
			isa = PBXContainerItemProxy;
			containerPortal = 245FF55E264E72CD0098E447 /* Project object */;
			proxyType = 1;
			remoteGlobalIDString = 245FF565264E72CD0098E447;
			remoteInfo = MusicByLocation;
		};
		245FF583264E72CE0098E447 /* PBXContainerItemProxy */ = {
			isa = PBXContainerItemProxy;
			containerPortal = 245FF55E264E72CD0098E447 /* Project object */;
			proxyType = 1;
			remoteGlobalIDString = 245FF565264E72CD0098E447;
			remoteInfo = MusicByLocation;
		};
/* End PBXContainerItemProxy section */

/* Begin PBXFileReference section */
		245FF566264E72CD0098E447 /* MusicByLocation.app */ = {isa = PBXFileReference; explicitFileType = wrapper.application; includeInIndex = 0; path = MusicByLocation.app; sourceTree = BUILT_PRODUCTS_DIR; };
		245FF569264E72CD0098E447 /* MusicByLocationApp.swift */ = {isa = PBXFileReference; lastKnownFileType = sourcecode.swift; path = MusicByLocationApp.swift; sourceTree = "<group>"; };
		245FF56B264E72CD0098E447 /* ContentView.swift */ = {isa = PBXFileReference; lastKnownFileType = sourcecode.swift; path = ContentView.swift; sourceTree = "<group>"; };
		245FF56D264E72CE0098E447 /* Assets.xcassets */ = {isa = PBXFileReference; lastKnownFileType = folder.assetcatalog; path = Assets.xcassets; sourceTree = "<group>"; };
		245FF570264E72CE0098E447 /* Preview Assets.xcassets */ = {isa = PBXFileReference; lastKnownFileType = folder.assetcatalog; path = "Preview Assets.xcassets"; sourceTree = "<group>"; };
		245FF572264E72CE0098E447 /* Info.plist */ = {isa = PBXFileReference; lastKnownFileType = text.plist.xml; path = Info.plist; sourceTree = "<group>"; };
		245FF577264E72CE0098E447 /* MusicByLocationTests.xctest */ = {isa = PBXFileReference; explicitFileType = wrapper.cfbundle; includeInIndex = 0; path = MusicByLocationTests.xctest; sourceTree = BUILT_PRODUCTS_DIR; };
		245FF57B264E72CE0098E447 /* MusicByLocationTests.swift */ = {isa = PBXFileReference; lastKnownFileType = sourcecode.swift; path = MusicByLocationTests.swift; sourceTree = "<group>"; };
		245FF57D264E72CE0098E447 /* Info.plist */ = {isa = PBXFileReference; lastKnownFileType = text.plist.xml; path = Info.plist; sourceTree = "<group>"; };
		245FF582264E72CE0098E447 /* MusicByLocationUITests.xctest */ = {isa = PBXFileReference; explicitFileType = wrapper.cfbundle; includeInIndex = 0; path = MusicByLocationUITests.xctest; sourceTree = BUILT_PRODUCTS_DIR; };
		245FF586264E72CE0098E447 /* MusicByLocationUITests.swift */ = {isa = PBXFileReference; lastKnownFileType = sourcecode.swift; path = MusicByLocationUITests.swift; sourceTree = "<group>"; };
		245FF588264E72CE0098E447 /* Info.plist */ = {isa = PBXFileReference; lastKnownFileType = text.plist.xml; path = Info.plist; sourceTree = "<group>"; };
		245FF597264E74370098E447 /* LocationHandler.swift */ = {isa = PBXFileReference; lastKnownFileType = sourcecode.swift; path = LocationHandler.swift; sourceTree = "<group>"; };
		2499A31B26530A0F00102AF0 /* CLPlacemark.swift */ = {isa = PBXFileReference; lastKnownFileType = sourcecode.swift; path = CLPlacemark.swift; sourceTree = "<group>"; };
		2499A32926530CA200102AF0 /* StateController.swift */ = {isa = PBXFileReference; lastKnownFileType = sourcecode.swift; path = StateController.swift; sourceTree = "<group>"; };
		2499A32F265311EB00102AF0 /* ArtistResponse.swift */ = {isa = PBXFileReference; lastKnownFileType = sourcecode.swift; path = ArtistResponse.swift; sourceTree = "<group>"; };
		2499A3342653120900102AF0 /* Artist.swift */ = {isa = PBXFileReference; lastKnownFileType = sourcecode.swift; path = Artist.swift; sourceTree = "<group>"; };
/* End PBXFileReference section */

/* Begin PBXFrameworksBuildPhase section */
		245FF563264E72CD0098E447 /* Frameworks */ = {
			isa = PBXFrameworksBuildPhase;
			buildActionMask = 2147483647;
			files = (
			);
			runOnlyForDeploymentPostprocessing = 0;
		};
		245FF574264E72CE0098E447 /* Frameworks */ = {
			isa = PBXFrameworksBuildPhase;
			buildActionMask = 2147483647;
			files = (
			);
			runOnlyForDeploymentPostprocessing = 0;
		};
		245FF57F264E72CE0098E447 /* Frameworks */ = {
			isa = PBXFrameworksBuildPhase;
			buildActionMask = 2147483647;
			files = (
			);
			runOnlyForDeploymentPostprocessing = 0;
		};
/* End PBXFrameworksBuildPhase section */

/* Begin PBXGroup section */
		245FF55D264E72CD0098E447 = {
			isa = PBXGroup;
			children = (
				245FF568264E72CD0098E447 /* MusicByLocation */,
				245FF57A264E72CE0098E447 /* MusicByLocationTests */,
				245FF585264E72CE0098E447 /* MusicByLocationUITests */,
				245FF567264E72CD0098E447 /* Products */,
			);
			sourceTree = "<group>";
		};
		245FF567264E72CD0098E447 /* Products */ = {
			isa = PBXGroup;
			children = (
				245FF566264E72CD0098E447 /* MusicByLocation.app */,
				245FF577264E72CE0098E447 /* MusicByLocationTests.xctest */,
				245FF582264E72CE0098E447 /* MusicByLocationUITests.xctest */,
			);
			name = Products;
			sourceTree = "<group>";
		};
		245FF568264E72CD0098E447 /* MusicByLocation */ = {
			isa = PBXGroup;
			children = (
				2499A32E265311D800102AF0 /* Model */,
				2499A31A265309FE00102AF0 /* Extensions */,
				245FF569264E72CD0098E447 /* MusicByLocationApp.swift */,
				245FF56B264E72CD0098E447 /* ContentView.swift */,
				245FF56D264E72CE0098E447 /* Assets.xcassets */,
				245FF572264E72CE0098E447 /* Info.plist */,
				245FF56F264E72CE0098E447 /* Preview Content */,
				245FF597264E74370098E447 /* LocationHandler.swift */,
				2499A32926530CA200102AF0 /* StateController.swift */,
			);
			path = MusicByLocation;
			sourceTree = "<group>";
		};
		245FF56F264E72CE0098E447 /* Preview Content */ = {
			isa = PBXGroup;
			children = (
				245FF570264E72CE0098E447 /* Preview Assets.xcassets */,
			);
			path = "Preview Content";
			sourceTree = "<group>";
		};
		245FF57A264E72CE0098E447 /* MusicByLocationTests */ = {
			isa = PBXGroup;
			children = (
				245FF57B264E72CE0098E447 /* MusicByLocationTests.swift */,
				245FF57D264E72CE0098E447 /* Info.plist */,
			);
			path = MusicByLocationTests;
			sourceTree = "<group>";
		};
		245FF585264E72CE0098E447 /* MusicByLocationUITests */ = {
			isa = PBXGroup;
			children = (
				245FF586264E72CE0098E447 /* MusicByLocationUITests.swift */,
				245FF588264E72CE0098E447 /* Info.plist */,
			);
			path = MusicByLocationUITests;
			sourceTree = "<group>";
		};
		2499A31A265309FE00102AF0 /* Extensions */ = {
			isa = PBXGroup;
			children = (
				2499A31B26530A0F00102AF0 /* CLPlacemark.swift */,
			);
			path = Extensions;
			sourceTree = "<group>";
		};
		2499A32E265311D800102AF0 /* Model */ = {
			isa = PBXGroup;
			children = (
				2499A32F265311EB00102AF0 /* ArtistResponse.swift */,
				2499A3342653120900102AF0 /* Artist.swift */,
			);
			path = Model;
			sourceTree = "<group>";
		};
/* End PBXGroup section */

/* Begin PBXNativeTarget section */
		245FF565264E72CD0098E447 /* MusicByLocation */ = {
			isa = PBXNativeTarget;
			buildConfigurationList = 245FF58B264E72CE0098E447 /* Build configuration list for PBXNativeTarget "MusicByLocation" */;
			buildPhases = (
				245FF562264E72CD0098E447 /* Sources */,
				245FF563264E72CD0098E447 /* Frameworks */,
				245FF564264E72CD0098E447 /* Resources */,
			);
			buildRules = (
			);
			dependencies = (
			);
			name = MusicByLocation;
			productName = MusicByLocation;
			productReference = 245FF566264E72CD0098E447 /* MusicByLocation.app */;
			productType = "com.apple.product-type.application";
		};
		245FF576264E72CE0098E447 /* MusicByLocationTests */ = {
			isa = PBXNativeTarget;
			buildConfigurationList = 245FF58E264E72CE0098E447 /* Build configuration list for PBXNativeTarget "MusicByLocationTests" */;
			buildPhases = (
				245FF573264E72CE0098E447 /* Sources */,
				245FF574264E72CE0098E447 /* Frameworks */,
				245FF575264E72CE0098E447 /* Resources */,
			);
			buildRules = (
			);
			dependencies = (
				245FF579264E72CE0098E447 /* PBXTargetDependency */,
			);
			name = MusicByLocationTests;
			productName = MusicByLocationTests;
			productReference = 245FF577264E72CE0098E447 /* MusicByLocationTests.xctest */;
			productType = "com.apple.product-type.bundle.unit-test";
		};
		245FF581264E72CE0098E447 /* MusicByLocationUITests */ = {
			isa = PBXNativeTarget;
			buildConfigurationList = 245FF591264E72CE0098E447 /* Build configuration list for PBXNativeTarget "MusicByLocationUITests" */;
			buildPhases = (
				245FF57E264E72CE0098E447 /* Sources */,
				245FF57F264E72CE0098E447 /* Frameworks */,
				245FF580264E72CE0098E447 /* Resources */,
			);
			buildRules = (
			);
			dependencies = (
				245FF584264E72CE0098E447 /* PBXTargetDependency */,
			);
			name = MusicByLocationUITests;
			productName = MusicByLocationUITests;
			productReference = 245FF582264E72CE0098E447 /* MusicByLocationUITests.xctest */;
			productType = "com.apple.product-type.bundle.ui-testing";
		};
/* End PBXNativeTarget section */

/* Begin PBXProject section */
		245FF55E264E72CD0098E447 /* Project object */ = {
			isa = PBXProject;
			attributes = {
				LastSwiftUpdateCheck = 1210;
				LastUpgradeCheck = 1210;
				TargetAttributes = {
					245FF565264E72CD0098E447 = {
						CreatedOnToolsVersion = 12.1;
					};
					245FF576264E72CE0098E447 = {
						CreatedOnToolsVersion = 12.1;
						TestTargetID = 245FF565264E72CD0098E447;
					};
					245FF581264E72CE0098E447 = {
						CreatedOnToolsVersion = 12.1;
						TestTargetID = 245FF565264E72CD0098E447;
					};
				};
			};
			buildConfigurationList = 245FF561264E72CD0098E447 /* Build configuration list for PBXProject "MusicByLocation" */;
			compatibilityVersion = "Xcode 9.3";
			developmentRegion = en;
			hasScannedForEncodings = 0;
			knownRegions = (
				en,
				Base,
			);
			mainGroup = 245FF55D264E72CD0098E447;
			productRefGroup = 245FF567264E72CD0098E447 /* Products */;
			projectDirPath = "";
			projectRoot = "";
			targets = (
				245FF565264E72CD0098E447 /* MusicByLocation */,
				245FF576264E72CE0098E447 /* MusicByLocationTests */,
				245FF581264E72CE0098E447 /* MusicByLocationUITests */,
			);
		};
/* End PBXProject section */

/* Begin PBXResourcesBuildPhase section */
		245FF564264E72CD0098E447 /* Resources */ = {
			isa = PBXResourcesBuildPhase;
			buildActionMask = 2147483647;
			files = (
				245FF571264E72CE0098E447 /* Preview Assets.xcassets in Resources */,
				245FF56E264E72CE0098E447 /* Assets.xcassets in Resources */,
			);
			runOnlyForDeploymentPostprocessing = 0;
		};
		245FF575264E72CE0098E447 /* Resources */ = {
			isa = PBXResourcesBuildPhase;
			buildActionMask = 2147483647;
			files = (
			);
			runOnlyForDeploymentPostprocessing = 0;
		};
		245FF580264E72CE0098E447 /* Resources */ = {
			isa = PBXResourcesBuildPhase;
			buildActionMask = 2147483647;
			files = (
			);
			runOnlyForDeploymentPostprocessing = 0;
		};
/* End PBXResourcesBuildPhase section */

/* Begin PBXSourcesBuildPhase section */
		245FF562264E72CD0098E447 /* Sources */ = {
			isa = PBXSourcesBuildPhase;
			buildActionMask = 2147483647;
			files = (
				245FF598264E74370098E447 /* LocationHandler.swift in Sources */,
				245FF56C264E72CD0098E447 /* ContentView.swift in Sources */,
				245FF56A264E72CD0098E447 /* MusicByLocationApp.swift in Sources */,
				2499A31C26530A0F00102AF0 /* CLPlacemark.swift in Sources */,
				2499A32A26530CA200102AF0 /* StateController.swift in Sources */,
				2499A330265311EB00102AF0 /* ArtistResponse.swift in Sources */,
				2499A3352653120900102AF0 /* Artist.swift in Sources */,
			);
			runOnlyForDeploymentPostprocessing = 0;
		};
		245FF573264E72CE0098E447 /* Sources */ = {
			isa = PBXSourcesBuildPhase;
			buildActionMask = 2147483647;
			files = (
				245FF57C264E72CE0098E447 /* MusicByLocationTests.swift in Sources */,
			);
			runOnlyForDeploymentPostprocessing = 0;
		};
		245FF57E264E72CE0098E447 /* Sources */ = {
			isa = PBXSourcesBuildPhase;
			buildActionMask = 2147483647;
			files = (
				245FF587264E72CE0098E447 /* MusicByLocationUITests.swift in Sources */,
			);
			runOnlyForDeploymentPostprocessing = 0;
		};
/* End PBXSourcesBuildPhase section */

/* Begin PBXTargetDependency section */
		245FF579264E72CE0098E447 /* PBXTargetDependency */ = {
			isa = PBXTargetDependency;
			target = 245FF565264E72CD0098E447 /* MusicByLocation */;
			targetProxy = 245FF578264E72CE0098E447 /* PBXContainerItemProxy */;
		};
		245FF584264E72CE0098E447 /* PBXTargetDependency */ = {
			isa = PBXTargetDependency;
			target = 245FF565264E72CD0098E447 /* MusicByLocation */;
			targetProxy = 245FF583264E72CE0098E447 /* PBXContainerItemProxy */;
		};
/* End PBXTargetDependency section */

/* Begin XCBuildConfiguration section */
		245FF589264E72CE0098E447 /* Debug */ = {
			isa = XCBuildConfiguration;
			buildSettings = {
				ALWAYS_SEARCH_USER_PATHS = NO;
				CLANG_ANALYZER_NONNULL = YES;
				CLANG_ANALYZER_NUMBER_OBJECT_CONVERSION = YES_AGGRESSIVE;
				CLANG_CXX_LANGUAGE_STANDARD = "gnu++14";
				CLANG_CXX_LIBRARY = "libc++";
				CLANG_ENABLE_MODULES = YES;
				CLANG_ENABLE_OBJC_ARC = YES;
				CLANG_ENABLE_OBJC_WEAK = YES;
				CLANG_WARN_BLOCK_CAPTURE_AUTORELEASING = YES;
				CLANG_WARN_BOOL_CONVERSION = YES;
				CLANG_WARN_COMMA = YES;
				CLANG_WARN_CONSTANT_CONVERSION = YES;
				CLANG_WARN_DEPRECATED_OBJC_IMPLEMENTATIONS = YES;
				CLANG_WARN_DIRECT_OBJC_ISA_USAGE = YES_ERROR;
				CLANG_WARN_DOCUMENTATION_COMMENTS = YES;
				CLANG_WARN_EMPTY_BODY = YES;
				CLANG_WARN_ENUM_CONVERSION = YES;
				CLANG_WARN_INFINITE_RECURSION = YES;
				CLANG_WARN_INT_CONVERSION = YES;
				CLANG_WARN_NON_LITERAL_NULL_CONVERSION = YES;
				CLANG_WARN_OBJC_IMPLICIT_RETAIN_SELF = YES;
				CLANG_WARN_OBJC_LITERAL_CONVERSION = YES;
				CLANG_WARN_OBJC_ROOT_CLASS = YES_ERROR;
				CLANG_WARN_QUOTED_INCLUDE_IN_FRAMEWORK_HEADER = YES;
				CLANG_WARN_RANGE_LOOP_ANALYSIS = YES;
				CLANG_WARN_STRICT_PROTOTYPES = YES;
				CLANG_WARN_SUSPICIOUS_MOVE = YES;
				CLANG_WARN_UNGUARDED_AVAILABILITY = YES_AGGRESSIVE;
				CLANG_WARN_UNREACHABLE_CODE = YES;
				CLANG_WARN__DUPLICATE_METHOD_MATCH = YES;
				COPY_PHASE_STRIP = NO;
				DEBUG_INFORMATION_FORMAT = dwarf;
				ENABLE_STRICT_OBJC_MSGSEND = YES;
				ENABLE_TESTABILITY = YES;
				GCC_C_LANGUAGE_STANDARD = gnu11;
				GCC_DYNAMIC_NO_PIC = NO;
				GCC_NO_COMMON_BLOCKS = YES;
				GCC_OPTIMIZATION_LEVEL = 0;
				GCC_PREPROCESSOR_DEFINITIONS = (
					"DEBUG=1",
					"$(inherited)",
				);
				GCC_WARN_64_TO_32_BIT_CONVERSION = YES;
				GCC_WARN_ABOUT_RETURN_TYPE = YES_ERROR;
				GCC_WARN_UNDECLARED_SELECTOR = YES;
				GCC_WARN_UNINITIALIZED_AUTOS = YES_AGGRESSIVE;
				GCC_WARN_UNUSED_FUNCTION = YES;
				GCC_WARN_UNUSED_VARIABLE = YES;
				IPHONEOS_DEPLOYMENT_TARGET = 14.1;
				MTL_ENABLE_DEBUG_INFO = INCLUDE_SOURCE;
				MTL_FAST_MATH = YES;
				ONLY_ACTIVE_ARCH = YES;
				SDKROOT = iphoneos;
				SWIFT_ACTIVE_COMPILATION_CONDITIONS = DEBUG;
				SWIFT_OPTIMIZATION_LEVEL = "-Onone";
			};
			name = Debug;
		};
		245FF58A264E72CE0098E447 /* Release */ = {
			isa = XCBuildConfiguration;
			buildSettings = {
				ALWAYS_SEARCH_USER_PATHS = NO;
				CLANG_ANALYZER_NONNULL = YES;
				CLANG_ANALYZER_NUMBER_OBJECT_CONVERSION = YES_AGGRESSIVE;
				CLANG_CXX_LANGUAGE_STANDARD = "gnu++14";
				CLANG_CXX_LIBRARY = "libc++";
				CLANG_ENABLE_MODULES = YES;
				CLANG_ENABLE_OBJC_ARC = YES;
				CLANG_ENABLE_OBJC_WEAK = YES;
				CLANG_WARN_BLOCK_CAPTURE_AUTORELEASING = YES;
				CLANG_WARN_BOOL_CONVERSION = YES;
				CLANG_WARN_COMMA = YES;
				CLANG_WARN_CONSTANT_CONVERSION = YES;
				CLANG_WARN_DEPRECATED_OBJC_IMPLEMENTATIONS = YES;
				CLANG_WARN_DIRECT_OBJC_ISA_USAGE = YES_ERROR;
				CLANG_WARN_DOCUMENTATION_COMMENTS = YES;
				CLANG_WARN_EMPTY_BODY = YES;
				CLANG_WARN_ENUM_CONVERSION = YES;
				CLANG_WARN_INFINITE_RECURSION = YES;
				CLANG_WARN_INT_CONVERSION = YES;
				CLANG_WARN_NON_LITERAL_NULL_CONVERSION = YES;
				CLANG_WARN_OBJC_IMPLICIT_RETAIN_SELF = YES;
				CLANG_WARN_OBJC_LITERAL_CONVERSION = YES;
				CLANG_WARN_OBJC_ROOT_CLASS = YES_ERROR;
				CLANG_WARN_QUOTED_INCLUDE_IN_FRAMEWORK_HEADER = YES;
				CLANG_WARN_RANGE_LOOP_ANALYSIS = YES;
				CLANG_WARN_STRICT_PROTOTYPES = YES;
				CLANG_WARN_SUSPICIOUS_MOVE = YES;
				CLANG_WARN_UNGUARDED_AVAILABILITY = YES_AGGRESSIVE;
				CLANG_WARN_UNREACHABLE_CODE = YES;
				CLANG_WARN__DUPLICATE_METHOD_MATCH = YES;
				COPY_PHASE_STRIP = NO;
				DEBUG_INFORMATION_FORMAT = "dwarf-with-dsym";
				ENABLE_NS_ASSERTIONS = NO;
				ENABLE_STRICT_OBJC_MSGSEND = YES;
				GCC_C_LANGUAGE_STANDARD = gnu11;
				GCC_NO_COMMON_BLOCKS = YES;
				GCC_WARN_64_TO_32_BIT_CONVERSION = YES;
				GCC_WARN_ABOUT_RETURN_TYPE = YES_ERROR;
				GCC_WARN_UNDECLARED_SELECTOR = YES;
				GCC_WARN_UNINITIALIZED_AUTOS = YES_AGGRESSIVE;
				GCC_WARN_UNUSED_FUNCTION = YES;
				GCC_WARN_UNUSED_VARIABLE = YES;
				IPHONEOS_DEPLOYMENT_TARGET = 14.1;
				MTL_ENABLE_DEBUG_INFO = NO;
				MTL_FAST_MATH = YES;
				SDKROOT = iphoneos;
				SWIFT_COMPILATION_MODE = wholemodule;
				SWIFT_OPTIMIZATION_LEVEL = "-O";
				VALIDATE_PRODUCT = YES;
			};
			name = Release;
		};
		245FF58C264E72CE0098E447 /* Debug */ = {
			isa = XCBuildConfiguration;
			buildSettings = {
				ASSETCATALOG_COMPILER_APPICON_NAME = AppIcon;
				ASSETCATALOG_COMPILER_GLOBAL_ACCENT_COLOR_NAME = AccentColor;
				CODE_SIGN_STYLE = Automatic;
				DEVELOPMENT_ASSET_PATHS = "\"MusicByLocation/Preview Content\"";
				ENABLE_PREVIEWS = YES;
				INFOPLIST_FILE = MusicByLocation/Info.plist;
				IPHONEOS_DEPLOYMENT_TARGET = 14.0;
				LD_RUNPATH_SEARCH_PATHS = (
					"$(inherited)",
					"@executable_path/Frameworks",
				);
				PRODUCT_BUNDLE_IDENTIFIER = com.vonNeumannGauss.MusicByLocation;
				PRODUCT_NAME = "$(TARGET_NAME)";
				SWIFT_VERSION = 5.0;
				TARGETED_DEVICE_FAMILY = "1,2";
			};
			name = Debug;
		};
		245FF58D264E72CE0098E447 /* Release */ = {
			isa = XCBuildConfiguration;
			buildSettings = {
				ASSETCATALOG_COMPILER_APPICON_NAME = AppIcon;
				ASSETCATALOG_COMPILER_GLOBAL_ACCENT_COLOR_NAME = AccentColor;
				CODE_SIGN_STYLE = Automatic;
				DEVELOPMENT_ASSET_PATHS = "\"MusicByLocation/Preview Content\"";
				ENABLE_PREVIEWS = YES;
				INFOPLIST_FILE = MusicByLocation/Info.plist;
				IPHONEOS_DEPLOYMENT_TARGET = 14.0;
				LD_RUNPATH_SEARCH_PATHS = (
					"$(inherited)",
					"@executable_path/Frameworks",
				);
				PRODUCT_BUNDLE_IDENTIFIER = com.vonNeumannGauss.MusicByLocation;
				PRODUCT_NAME = "$(TARGET_NAME)";
				SWIFT_VERSION = 5.0;
				TARGETED_DEVICE_FAMILY = "1,2";
			};
			name = Release;
		};
		245FF58F264E72CE0098E447 /* Debug */ = {
			isa = XCBuildConfiguration;
			buildSettings = {
				ALWAYS_EMBED_SWIFT_STANDARD_LIBRARIES = YES;
				BUNDLE_LOADER = "$(TEST_HOST)";
				CODE_SIGN_STYLE = Automatic;
				INFOPLIST_FILE = MusicByLocationTests/Info.plist;
				IPHONEOS_DEPLOYMENT_TARGET = 14.0;
				LD_RUNPATH_SEARCH_PATHS = (
					"$(inherited)",
					"@executable_path/Frameworks",
					"@loader_path/Frameworks",
				);
				PRODUCT_BUNDLE_IDENTIFIER = com.vonNeumannGauss.MusicByLocationTests;
				PRODUCT_NAME = "$(TARGET_NAME)";
				SWIFT_VERSION = 5.0;
				TARGETED_DEVICE_FAMILY = "1,2";
				TEST_HOST = "$(BUILT_PRODUCTS_DIR)/MusicByLocation.app/MusicByLocation";
			};
			name = Debug;
		};
		245FF590264E72CE0098E447 /* Release */ = {
			isa = XCBuildConfiguration;
			buildSettings = {
				ALWAYS_EMBED_SWIFT_STANDARD_LIBRARIES = YES;
				BUNDLE_LOADER = "$(TEST_HOST)";
				CODE_SIGN_STYLE = Automatic;
				INFOPLIST_FILE = MusicByLocationTests/Info.plist;
				IPHONEOS_DEPLOYMENT_TARGET = 14.0;
				LD_RUNPATH_SEARCH_PATHS = (
					"$(inherited)",
					"@executable_path/Frameworks",
					"@loader_path/Frameworks",
				);
				PRODUCT_BUNDLE_IDENTIFIER = com.vonNeumannGauss.MusicByLocationTests;
				PRODUCT_NAME = "$(TARGET_NAME)";
				SWIFT_VERSION = 5.0;
				TARGETED_DEVICE_FAMILY = "1,2";
				TEST_HOST = "$(BUILT_PRODUCTS_DIR)/MusicByLocation.app/MusicByLocation";
			};
			name = Release;
		};
		245FF592264E72CE0098E447 /* Debug */ = {
			isa = XCBuildConfiguration;
			buildSettings = {
				ALWAYS_EMBED_SWIFT_STANDARD_LIBRARIES = YES;
				CODE_SIGN_STYLE = Automatic;
				INFOPLIST_FILE = MusicByLocationUITests/Info.plist;
				LD_RUNPATH_SEARCH_PATHS = (
					"$(inherited)",
					"@executable_path/Frameworks",
					"@loader_path/Frameworks",
				);
				PRODUCT_BUNDLE_IDENTIFIER = com.vonNeumannGauss.MusicByLocationUITests;
				PRODUCT_NAME = "$(TARGET_NAME)";
				SWIFT_VERSION = 5.0;
				TARGETED_DEVICE_FAMILY = "1,2";
				TEST_TARGET_NAME = MusicByLocation;
			};
			name = Debug;
		};
		245FF593264E72CE0098E447 /* Release */ = {
			isa = XCBuildConfiguration;
			buildSettings = {
				ALWAYS_EMBED_SWIFT_STANDARD_LIBRARIES = YES;
				CODE_SIGN_STYLE = Automatic;
				INFOPLIST_FILE = MusicByLocationUITests/Info.plist;
				LD_RUNPATH_SEARCH_PATHS = (
					"$(inherited)",
					"@executable_path/Frameworks",
					"@loader_path/Frameworks",
				);
				PRODUCT_BUNDLE_IDENTIFIER = com.vonNeumannGauss.MusicByLocationUITests;
				PRODUCT_NAME = "$(TARGET_NAME)";
				SWIFT_VERSION = 5.0;
				TARGETED_DEVICE_FAMILY = "1,2";
				TEST_TARGET_NAME = MusicByLocation;
			};
			name = Release;
		};
/* End XCBuildConfiguration section */

/* Begin XCConfigurationList section */
		245FF561264E72CD0098E447 /* Build configuration list for PBXProject "MusicByLocation" */ = {
			isa = XCConfigurationList;
			buildConfigurations = (
				245FF589264E72CE0098E447 /* Debug */,
				245FF58A264E72CE0098E447 /* Release */,
			);
			defaultConfigurationIsVisible = 0;
			defaultConfigurationName = Release;
		};
		245FF58B264E72CE0098E447 /* Build configuration list for PBXNativeTarget "MusicByLocation" */ = {
			isa = XCConfigurationList;
			buildConfigurations = (
				245FF58C264E72CE0098E447 /* Debug */,
				245FF58D264E72CE0098E447 /* Release */,
			);
			defaultConfigurationIsVisible = 0;
			defaultConfigurationName = Release;
		};
		245FF58E264E72CE0098E447 /* Build configuration list for PBXNativeTarget "MusicByLocationTests" */ = {
			isa = XCConfigurationList;
			buildConfigurations = (
				245FF58F264E72CE0098E447 /* Debug */,
				245FF590264E72CE0098E447 /* Release */,
			);
			defaultConfigurationIsVisible = 0;
			defaultConfigurationName = Release;
		};
		245FF591264E72CE0098E447 /* Build configuration list for PBXNativeTarget "MusicByLocationUITests" */ = {
			isa = XCConfigurationList;
			buildConfigurations = (
				245FF592264E72CE0098E447 /* Debug */,
				245FF593264E72CE0098E447 /* Release */,
			);
			defaultConfigurationIsVisible = 0;
			defaultConfigurationName = Release;
		};
/* End XCConfigurationList section */
	};
	rootObject = 245FF55E264E72CD0098E447 /* Project object */;
}
